
Microsoft Visual Studio Solution File, Format Version 12.00
# Visual Studio Version 17
VisualStudioVersion = 17.6.33723.286
MinimumVisualStudioVersion = 10.0.40219.1
Project("{9A19103F-16F7-4668-BE54-9A1E7A4F7556}") = "ProductSellStore", "ProductSellStore\ProductSellStore.csproj", "{BA3DE8B8-6A55-4D89-A2C8-98602185788E}"
EndProject
Project("{2150E333-8FDC-42A3-9474-1A3956D46DE8}") = "Data", "Data", "{1E1CD5E2-5874-4A04-A9FE-9AAD439C7EB6}"
EndProject
Project("{9A19103F-16F7-4668-BE54-9A1E7A4F7556}") = "ProductSellStore.Data", "ProductSellStore.Data\ProductSellStore.Data.csproj", "{0254717E-E925-49DB-9B40-88821AED7CFE}"
EndProject
Project("{2150E333-8FDC-42A3-9474-1A3956D46DE8}") = "Web", "Web", "{DD0ADF0D-AFB9-4877-A18D-A537777891C8}"
EndProject
Project("{2150E333-8FDC-42A3-9474-1A3956D46DE8}") = "Models", "Models", "{9AFB4ED0-29FC-4B60-BBA4-F8CA7187E51E}"
EndProject
Project("{9A19103F-16F7-4668-BE54-9A1E7A4F7556}") = "ProductSellStore.Data.Models", "Models\ProductSellStore.Data.Models.csproj", "{80FA67CD-09AE-4497-A5E2-75213A248592}"
EndProject
Project("{2150E333-8FDC-42A3-9474-1A3956D46DE8}") = "Services", "Services", "{D6DAFA24-5674-49A1-B424-BCF4A3C65BC4}"
EndProject
Project("{9A19103F-16F7-4668-BE54-9A1E7A4F7556}") = "ProductSellStore.Services", "ProductSellStore.Services\ProductSellStore.Services.csproj", "{5088A77F-58FF-43B8-BA5E-D44805A56169}"
EndProject
Project("{2150E333-8FDC-42A3-9474-1A3956D46DE8}") = "Interfaces", "Interfaces", "{53922D4A-6A23-4C71-8568-0D04D77379DA}"
EndProject
Project("{9A19103F-16F7-4668-BE54-9A1E7A4F7556}") = "ProductSellStore.Interface", "ProductSellStore.Interface\ProductSellStore.Interface.csproj", "{BE178987-4786-47F2-98C0-499585477DD8}"
EndProject
Project("{2150E333-8FDC-42A3-9474-1A3956D46DE8}") = "ViewModel", "ViewModel", "{880810F1-1CFD-4AC3-9264-A38AA35047A5}"
EndProject
Project("{9A19103F-16F7-4668-BE54-9A1E7A4F7556}") = "ProductSellStore.ViewModel", "ProductSellStore.ViewModel\ProductSellStore.ViewModel.csproj", "{A7833FE0-B4A4-4269-B55F-2689A7C1E71B}"
EndProject
Project("{2150E333-8FDC-42A3-9474-1A3956D46DE8}") = "Infrastructure", "Infrastructure", "{862DBD0F-421D-4A89-8964-95B9FA0D3E61}"
EndProject
Project("{2150E333-8FDC-42A3-9474-1A3956D46DE8}") = "ModelBinders", "ModelBinders", "{7C17E594-96F3-4FF0-A0FC-5B5744BCD5CB}"
EndProject
Project("{FAE04EC0-301F-11D3-BF4B-00C04F79EFBC}") = "ProductSellStore.Infrastructure.ModelBunders", "ProductSellStore.Infrastructure.ModelBunders\ProductSellStore.Infrastructure.ModelBunders.csproj", "{A2DB03F9-F975-443D-AA43-D8FB9BF6E039}"
EndProject
Project("{2150E333-8FDC-42A3-9474-1A3956D46DE8}") = "SeedRoles", "SeedRoles", "{4A4590C7-EB81-48D7-8B75-82C1BEEF284B}"
EndProject
Project("{FAE04EC0-301F-11D3-BF4B-00C04F79EFBC}") = "ProductSellStore.Web.SeedRoles", "ProductSellStore.Web.SeedRoles\ProductSellStore.Web.SeedRoles.csproj", "{4D761E5A-A2B6-4137-86CD-0C98BB5D4B32}"
EndProject
Global
	GlobalSection(SolutionConfigurationPlatforms) = preSolution
		Debug|Any CPU = Debug|Any CPU
		Release|Any CPU = Release|Any CPU
	EndGlobalSection
	GlobalSection(ProjectConfigurationPlatforms) = postSolution
		{BA3DE8B8-6A55-4D89-A2C8-98602185788E}.Debug|Any CPU.ActiveCfg = Debug|Any CPU
		{BA3DE8B8-6A55-4D89-A2C8-98602185788E}.Debug|Any CPU.Build.0 = Debug|Any CPU
		{BA3DE8B8-6A55-4D89-A2C8-98602185788E}.Release|Any CPU.ActiveCfg = Release|Any CPU
		{BA3DE8B8-6A55-4D89-A2C8-98602185788E}.Release|Any CPU.Build.0 = Release|Any CPU
		{0254717E-E925-49DB-9B40-88821AED7CFE}.Debug|Any CPU.ActiveCfg = Debug|Any CPU
		{0254717E-E925-49DB-9B40-88821AED7CFE}.Debug|Any CPU.Build.0 = Debug|Any CPU
		{0254717E-E925-49DB-9B40-88821AED7CFE}.Release|Any CPU.ActiveCfg = Release|Any CPU
		{0254717E-E925-49DB-9B40-88821AED7CFE}.Release|Any CPU.Build.0 = Release|Any CPU
		{80FA67CD-09AE-4497-A5E2-75213A248592}.Debug|Any CPU.ActiveCfg = Debug|Any CPU
		{80FA67CD-09AE-4497-A5E2-75213A248592}.Debug|Any CPU.Build.0 = Debug|Any CPU
		{80FA67CD-09AE-4497-A5E2-75213A248592}.Release|Any CPU.ActiveCfg = Release|Any CPU
		{80FA67CD-09AE-4497-A5E2-75213A248592}.Release|Any CPU.Build.0 = Release|Any CPU
		{5088A77F-58FF-43B8-BA5E-D44805A56169}.Debug|Any CPU.ActiveCfg = Debug|Any CPU
		{5088A77F-58FF-43B8-BA5E-D44805A56169}.Debug|Any CPU.Build.0 = Debug|Any CPU
		{5088A77F-58FF-43B8-BA5E-D44805A56169}.Release|Any CPU.ActiveCfg = Release|Any CPU
		{5088A77F-58FF-43B8-BA5E-D44805A56169}.Release|Any CPU.Build.0 = Release|Any CPU
		{BE178987-4786-47F2-98C0-499585477DD8}.Debug|Any CPU.ActiveCfg = Debug|Any CPU
		{BE178987-4786-47F2-98C0-499585477DD8}.Debug|Any CPU.Build.0 = Debug|Any CPU
		{BE178987-4786-47F2-98C0-499585477DD8}.Release|Any CPU.ActiveCfg = Release|Any CPU
		{BE178987-4786-47F2-98C0-499585477DD8}.Release|Any CPU.Build.0 = Release|Any CPU
		{A7833FE0-B4A4-4269-B55F-2689A7C1E71B}.Debug|Any CPU.ActiveCfg = Debug|Any CPU
		{A7833FE0-B4A4-4269-B55F-2689A7C1E71B}.Debug|Any CPU.Build.0 = Debug|Any CPU
		{A7833FE0-B4A4-4269-B55F-2689A7C1E71B}.Release|Any CPU.ActiveCfg = Release|Any CPU
		{A7833FE0-B4A4-4269-B55F-2689A7C1E71B}.Release|Any CPU.Build.0 = Release|Any CPU
		{A2DB03F9-F975-443D-AA43-D8FB9BF6E039}.Debug|Any CPU.ActiveCfg = Debug|Any CPU
		{A2DB03F9-F975-443D-AA43-D8FB9BF6E039}.Debug|Any CPU.Build.0 = Debug|Any CPU
		{A2DB03F9-F975-443D-AA43-D8FB9BF6E039}.Release|Any CPU.ActiveCfg = Release|Any CPU
		{A2DB03F9-F975-443D-AA43-D8FB9BF6E039}.Release|Any CPU.Build.0 = Release|Any CPU
		{4D761E5A-A2B6-4137-86CD-0C98BB5D4B32}.Debug|Any CPU.ActiveCfg = Debug|Any CPU
		{4D761E5A-A2B6-4137-86CD-0C98BB5D4B32}.Debug|Any CPU.Build.0 = Debug|Any CPU
		{4D761E5A-A2B6-4137-86CD-0C98BB5D4B32}.Release|Any CPU.ActiveCfg = Release|Any CPU
		{4D761E5A-A2B6-4137-86CD-0C98BB5D4B32}.Release|Any CPU.Build.0 = Release|Any CPU
	EndGlobalSection
	GlobalSection(SolutionProperties) = preSolution
		HideSolutionNode = FALSE
	EndGlobalSection
	GlobalSection(NestedProjects) = preSolution
		{BA3DE8B8-6A55-4D89-A2C8-98602185788E} = {DD0ADF0D-AFB9-4877-A18D-A537777891C8}
		{0254717E-E925-49DB-9B40-88821AED7CFE} = {1E1CD5E2-5874-4A04-A9FE-9AAD439C7EB6}
		{9AFB4ED0-29FC-4B60-BBA4-F8CA7187E51E} = {1E1CD5E2-5874-4A04-A9FE-9AAD439C7EB6}
		{80FA67CD-09AE-4497-A5E2-75213A248592} = {9AFB4ED0-29FC-4B60-BBA4-F8CA7187E51E}
		{5088A77F-58FF-43B8-BA5E-D44805A56169} = {D6DAFA24-5674-49A1-B424-BCF4A3C65BC4}
		{53922D4A-6A23-4C71-8568-0D04D77379DA} = {D6DAFA24-5674-49A1-B424-BCF4A3C65BC4}
		{BE178987-4786-47F2-98C0-499585477DD8} = {53922D4A-6A23-4C71-8568-0D04D77379DA}
		{880810F1-1CFD-4AC3-9264-A38AA35047A5} = {D6DAFA24-5674-49A1-B424-BCF4A3C65BC4}
		{A7833FE0-B4A4-4269-B55F-2689A7C1E71B} = {880810F1-1CFD-4AC3-9264-A38AA35047A5}
		{7C17E594-96F3-4FF0-A0FC-5B5744BCD5CB} = {862DBD0F-421D-4A89-8964-95B9FA0D3E61}
		{A2DB03F9-F975-443D-AA43-D8FB9BF6E039} = {7C17E594-96F3-4FF0-A0FC-5B5744BCD5CB}
		{4A4590C7-EB81-48D7-8B75-82C1BEEF284B} = {862DBD0F-421D-4A89-8964-95B9FA0D3E61}
		{4D761E5A-A2B6-4137-86CD-0C98BB5D4B32} = {4A4590C7-EB81-48D7-8B75-82C1BEEF284B}
	EndGlobalSection
	GlobalSection(ExtensibilityGlobals) = postSolution
		SolutionGuid = {D694B5D4-626C-44F0-9FA9-B6D726E2CE85}
	EndGlobalSection
EndGlobal
